
Microsoft Visual Studio Solution File, Format Version 11.00
# Visual Studio 2010
Project("{FAE04EC0-301F-11D3-BF4B-00C04F79EFBC}") = "SharpOSC", "SharpOSC\SharpOSC.csproj", "{EE46D51F-021B-4C59-9730-A5FCD9391354}"
EndProject
Project("{FAE04EC0-301F-11D3-BF4B-00C04F79EFBC}") = "SharpOSC.Tests", "SharpOSC.Tests\SharpOSC.Tests.csproj", "{59F55037-3F18-4E09-9540-870363C88D31}"
EndProject
Global
	GlobalSection(SolutionConfigurationPlatforms) = preSolution
		Debug|Any CPU = Debug|Any CPU
		Debug|Mixed Platforms = Debug|Mixed Platforms
		Debug|x86 = Debug|x86
		Release|Any CPU = Release|Any CPU
		Release|Mixed Platforms = Release|Mixed Platforms
		Release|x86 = Release|x86
	EndGlobalSection
	GlobalSection(ProjectConfigurationPlatforms) = postSolution
		{EE46D51F-021B-4C59-9730-A5FCD9391354}.Debug|Any CPU.ActiveCfg = Debug|Any CPU
		{EE46D51F-021B-4C59-9730-A5FCD9391354}.Debug|Any CPU.Build.0 = Debug|Any CPU
		{EE46D51F-021B-4C59-9730-A5FCD9391354}.Debug|Mixed Platforms.ActiveCfg = Debug|Any CPU
		{EE46D51F-021B-4C59-9730-A5FCD9391354}.Debug|Mixed Platforms.Build.0 = Debug|Any CPU
		{EE46D51F-021B-4C59-9730-A5FCD9391354}.Debug|x86.ActiveCfg = Debug|Any CPU
		{EE46D51F-021B-4C59-9730-A5FCD9391354}.Debug|x86.Build.0 = Debug|Any CPU
		{EE46D51F-021B-4C59-9730-A5FCD9391354}.Release|Any CPU.ActiveCfg = Release|Any CPU
		{EE46D51F-021B-4C59-9730-A5FCD9391354}.Release|Any CPU.Build.0 = Release|Any CPU
		{EE46D51F-021B-4C59-9730-A5FCD9391354}.Release|Mixed Platforms.ActiveCfg = Release|Any CPU
		{EE46D51F-021B-4C59-9730-A5FCD9391354}.Release|Mixed Platforms.Build.0 = Release|Any CPU
		{EE46D51F-021B-4C59-9730-A5FCD9391354}.Release|x86.ActiveCfg = Release|Any CPU
		{EE46D51F-021B-4C59-9730-A5FCD9391354}.Release|x86.Build.0 = Release|Any CPU
		{59F55037-3F18-4E09-9540-870363C88D31}.Debug|Any CPU.ActiveCfg = Debug|Any CPU
		{59F55037-3F18-4E09-9540-870363C88D31}.Debug|Any CPU.Build.0 = Debug|Any CPU
		{59F55037-3F18-4E09-9540-870363C88D31}.Debug|Mixed Platforms.ActiveCfg = Debug|Any CPU
		{59F55037-3F18-4E09-9540-870363C88D31}.Debug|Mixed Platforms.Build.0 = Debug|Any CPU
		{59F55037-3F18-4E09-9540-870363C88D31}.Debug|x86.ActiveCfg = Debug|Any CPU
		{59F55037-3F18-4E09-9540-870363C88D31}.Debug|x86.Build.0 = Debug|Any CPU
		{59F55037-3F18-4E09-9540-870363C88D31}.Release|Any CPU.ActiveCfg = Release|Any CPU
		{59F55037-3F18-4E09-9540-870363C88D31}.Release|Any CPU.Build.0 = Release|Any CPU
		{59F55037-3F18-4E09-9540-870363C88D31}.Release|Mixed Platforms.ActiveCfg = Release|Any CPU
		{59F55037-3F18-4E09-9540-870363C88D31}.Release|Mixed Platforms.Build.0 = Release|Any CPU
		{59F55037-3F18-4E09-9540-870363C88D31}.Release|x86.ActiveCfg = Release|Any CPU
		{59F55037-3F18-4E09-9540-870363C88D31}.Release|x86.Build.0 = Release|Any CPU
	EndGlobalSection
	GlobalSection(SolutionProperties) = preSolution
		HideSolutionNode = FALSE
	EndGlobalSection
EndGlobal
